
Microsoft Visual Studio Solution File, Format Version 12.00
# Visual Studio Version 16
VisualStudioVersion = 16.0.30413.136
MinimumVisualStudioVersion = 10.0.40219.1
Project("{FAE04EC0-301F-11D3-BF4B-00C04F79EFBC}") = "Kockapoker", "Kockapoker\Kockapoker.csproj", "{00B9D279-E4B7-4F33-AB8F-C4E3FF5A524C}"
EndProject
Global
	GlobalSection(SolutionConfigurationPlatforms) = preSolution
		Debug|Any CPU = Debug|Any CPU
		Release|Any CPU = Release|Any CPU
	EndGlobalSection
	GlobalSection(ProjectConfigurationPlatforms) = postSolution
		{00B9D279-E4B7-4F33-AB8F-C4E3FF5A524C}.Debug|Any CPU.ActiveCfg = Debug|Any CPU
		{00B9D279-E4B7-4F33-AB8F-C4E3FF5A524C}.Debug|Any CPU.Build.0 = Debug|Any CPU
		{00B9D279-E4B7-4F33-AB8F-C4E3FF5A524C}.Release|Any CPU.ActiveCfg = Release|Any CPU
		{00B9D279-E4B7-4F33-AB8F-C4E3FF5A524C}.Release|Any CPU.Build.0 = Release|Any CPU
	EndGlobalSection
	GlobalSection(SolutionProperties) = preSolution
		HideSolutionNode = FALSE
	EndGlobalSection
	GlobalSection(ExtensibilityGlobals) = postSolution
		SolutionGuid = {82F9BDCC-1C4B-4645-AA13-636DC898B7DE}
	EndGlobalSection
EndGlobal
